
Microsoft Visual Studio Solution File, Format Version 12.00
# Visual Studio Version 17
VisualStudioVersion = 17.9.34701.34
MinimumVisualStudioVersion = 10.0.40219.1
Project("{FAE04EC0-301F-11D3-BF4B-00C04F79EFBC}") = "quiz-backend", "quiz-backend\quiz-backend.csproj", "{137FCE62-408B-4033-804D-715E5AFA5635}"
EndProject
Global
	GlobalSection(SolutionConfigurationPlatforms) = preSolution
		Debug|Any CPU = Debug|Any CPU
		Release|Any CPU = Release|Any CPU
	EndGlobalSection
	GlobalSection(ProjectConfigurationPlatforms) = postSolution
		{137FCE62-408B-4033-804D-715E5AFA5635}.Debug|Any CPU.ActiveCfg = Debug|Any CPU
		{137FCE62-408B-4033-804D-715E5AFA5635}.Debug|Any CPU.Build.0 = Debug|Any CPU
		{137FCE62-408B-4033-804D-715E5AFA5635}.Release|Any CPU.ActiveCfg = Release|Any CPU
		{137FCE62-408B-4033-804D-715E5AFA5635}.Release|Any CPU.Build.0 = Release|Any CPU
	EndGlobalSection
	GlobalSection(SolutionProperties) = preSolution
		HideSolutionNode = FALSE
	EndGlobalSection
	GlobalSection(ExtensibilityGlobals) = postSolution
		SolutionGuid = {B3DB8ED1-B28F-44AC-8B0B-2A1BAB035DBA}
	EndGlobalSection
EndGlobal
